// !$*UTF8*$!
{
	archiveVersion = 1;
	classes = {
	};
	objectVersion = 50;
	objects = {

/* Begin PBXBuildFile section */
		518E516A2501017C0023D77C /* AppDelegate.swift in Sources */ = {isa = PBXBuildFile; fileRef = 518E51692501017C0023D77C /* AppDelegate.swift */; };
		518E516C2501017C0023D77C /* SceneDelegate.swift in Sources */ = {isa = PBXBuildFile; fileRef = 518E516B2501017C0023D77C /* SceneDelegate.swift */; };
		518E516E2501017C0023D77C /* ContentView.swift in Sources */ = {isa = PBXBuildFile; fileRef = 518E516D2501017C0023D77C /* ContentView.swift */; };
		518E51702501017E0023D77C /* Assets.xcassets in Resources */ = {isa = PBXBuildFile; fileRef = 518E516F2501017E0023D77C /* Assets.xcassets */; };
		518E51732501017E0023D77C /* Preview Assets.xcassets in Resources */ = {isa = PBXBuildFile; fileRef = 518E51722501017E0023D77C /* Preview Assets.xcassets */; };
		518E51762501017E0023D77C /* LaunchScreen.storyboard in Resources */ = {isa = PBXBuildFile; fileRef = 518E51742501017E0023D77C /* LaunchScreen.storyboard */; };
		518E517E250103CD0023D77C /* BarView.swift in Sources */ = {isa = PBXBuildFile; fileRef = 518E517D250103CD0023D77C /* BarView.swift */; };
		518E5180250106370023D77C /* MockBarData.swift in Sources */ = {isa = PBXBuildFile; fileRef = 518E517F250106370023D77C /* MockBarData.swift */; };
/* End PBXBuildFile section */

/* Begin PBXFileReference section */
		518E51662501017C0023D77C /* SwiftUI_15_Graphs.app */ = {isa = PBXFileReference; explicitFileType = wrapper.application; includeInIndex = 0; path = SwiftUI_15_Graphs.app; sourceTree = BUILT_PRODUCTS_DIR; };
		518E51692501017C0023D77C /* AppDelegate.swift */ = {isa = PBXFileReference; lastKnownFileType = sourcecode.swift; path = AppDelegate.swift; sourceTree = "<group>"; };
		518E516B2501017C0023D77C /* SceneDelegate.swift */ = {isa = PBXFileReference; lastKnownFileType = sourcecode.swift; path = SceneDelegate.swift; sourceTree = "<group>"; };
		518E516D2501017C0023D77C /* ContentView.swift */ = {isa = PBXFileReference; lastKnownFileType = sourcecode.swift; path = ContentView.swift; sourceTree = "<group>"; };
		518E516F2501017E0023D77C /* Assets.xcassets */ = {isa = PBXFileReference; lastKnownFileType = folder.assetcatalog; path = Assets.xcassets; sourceTree = "<group>"; };
		518E51722501017E0023D77C /* Preview Assets.xcassets */ = {isa = PBXFileReference; lastKnownFileType = folder.assetcatalog; path = "Preview Assets.xcassets"; sourceTree = "<group>"; };
		518E51752501017E0023D77C /* Base */ = {isa = PBXFileReference; lastKnownFileType = file.storyboard; name = Base; path = Base.lproj/LaunchScreen.storyboard; sourceTree = "<group>"; };
		518E51772501017E0023D77C /* Info.plist */ = {isa = PBXFileReference; lastKnownFileType = text.plist.xml; path = Info.plist; sourceTree = "<group>"; };
		518E517D250103CD0023D77C /* BarView.swift */ = {isa = PBXFileReference; lastKnownFileType = sourcecode.swift; path = BarView.swift; sourceTree = "<group>"; };
		518E517F250106370023D77C /* MockBarData.swift */ = {isa = PBXFileReference; lastKnownFileType = sourcecode.swift; path = MockBarData.swift; sourceTree = "<group>"; };
/* End PBXFileReference section */

/* Begin PBXFrameworksBuildPhase section */
		518E51632501017C0023D77C /* Frameworks */ = {
			isa = PBXFrameworksBuildPhase;
			buildActionMask = 2147483647;
			files = (
			);
			runOnlyForDeploymentPostprocessing = 0;
		};
/* End PBXFrameworksBuildPhase section */

/* Begin PBXGroup section */
		518E515D2501017C0023D77C = {
			isa = PBXGroup;
			children = (
				518E51682501017C0023D77C /* SwiftUI_15_Graphs */,
				518E51672501017C0023D77C /* Products */,
			);
			sourceTree = "<group>";
		};
		518E51672501017C0023D77C /* Products */ = {
			isa = PBXGroup;
			children = (
				518E51662501017C0023D77C /* SwiftUI_15_Graphs.app */,
			);
			name = Products;
			sourceTree = "<group>";
		};
		518E51682501017C0023D77C /* SwiftUI_15_Graphs */ = {
			isa = PBXGroup;
			children = (
				518E51692501017C0023D77C /* AppDelegate.swift */,
				518E516B2501017C0023D77C /* SceneDelegate.swift */,
				518E516D2501017C0023D77C /* ContentView.swift */,
				518E517F250106370023D77C /* MockBarData.swift */,
				518E517D250103CD0023D77C /* BarView.swift */,
				518E516F2501017E0023D77C /* Assets.xcassets */,
				518E51742501017E0023D77C /* LaunchScreen.storyboard */,
				518E51772501017E0023D77C /* Info.plist */,
				518E51712501017E0023D77C /* Preview Content */,
			);
			path = SwiftUI_15_Graphs;
			sourceTree = "<group>";
		};
		518E51712501017E0023D77C /* Preview Content */ = {
			isa = PBXGroup;
			children = (
				518E51722501017E0023D77C /* Preview Assets.xcassets */,
			);
			path = "Preview Content";
			sourceTree = "<group>";
		};
/* End PBXGroup section */

/* Begin PBXNativeTarget section */
		518E51652501017C0023D77C /* SwiftUI_15_Graphs */ = {
			isa = PBXNativeTarget;
			buildConfigurationList = 518E517A2501017E0023D77C /* Build configuration list for PBXNativeTarget "SwiftUI_15_Graphs" */;
			buildPhases = (
				518E51622501017C0023D77C /* Sources */,
				518E51632501017C0023D77C /* Frameworks */,
				518E51642501017C0023D77C /* Resources */,
			);
			buildRules = (
			);
			dependencies = (
			);
			name = SwiftUI_15_Graphs;
			productName = SwiftUI_15_Graphs;
			productReference = 518E51662501017C0023D77C /* SwiftUI_15_Graphs.app */;
			productType = "com.apple.product-type.application";
		};
/* End PBXNativeTarget section */

/* Begin PBXProject section */
		518E515E2501017C0023D77C /* Project object */ = {
			isa = PBXProject;
			attributes = {
				LastSwiftUpdateCheck = 1160;
				LastUpgradeCheck = 1160;
				ORGANIZATIONNAME = Alan;
				TargetAttributes = {
					518E51652501017C0023D77C = {
						CreatedOnToolsVersion = 11.6;
					};
				};
			};
			buildConfigurationList = 518E51612501017C0023D77C /* Build configuration list for PBXProject "SwiftUI_15_Graphs" */;
			compatibilityVersion = "Xcode 9.3";
			developmentRegion = en;
			hasScannedForEncodings = 0;
			knownRegions = (
				en,
				Base,
			);
			mainGroup = 518E515D2501017C0023D77C;
			productRefGroup = 518E51672501017C0023D77C /* Products */;
			projectDirPath = "";
			projectRoot = "";
			targets = (
				518E51652501017C0023D77C /* SwiftUI_15_Graphs */,
			);
		};
/* End PBXProject section */

/* Begin PBXResourcesBuildPhase section */
		518E51642501017C0023D77C /* Resources */ = {
			isa = PBXResourcesBuildPhase;
			buildActionMask = 2147483647;
			files = (
				518E51762501017E0023D77C /* LaunchScreen.storyboard in Resources */,
				518E51732501017E0023D77C /* Preview Assets.xcassets in Resources */,
				518E51702501017E0023D77C /* Assets.xcassets in Resources */,
			);
			runOnlyForDeploymentPostprocessing = 0;
		};
/* End PBXResourcesBuildPhase section */

/* Begin PBXSourcesBuildPhase section */
		518E51622501017C0023D77C /* Sources */ = {
			isa = PBXSourcesBuildPhase;
			buildActionMask = 2147483647;
			files = (
				518E5180250106370023D77C /* MockBarData.swift in Sources */,
				518E517E250103CD0023D77C /* BarView.swift in Sources */,
				518E516A2501017C0023D77C /* AppDelegate.swift in Sources */,
				518E516C2501017C0023D77C /* SceneDelegate.swift in Sources */,
				518E516E2501017C0023D77C /* ContentView.swift in Sources */,
			);
			runOnlyForDeploymentPostprocessing = 0;
		};
/* End PBXSourcesBuildPhase section */

/* Begin PBXVariantGroup section */
		518E51742501017E0023D77C /* LaunchScreen.storyboard */ = {
			isa = PBXVariantGroup;
			children = (
				518E51752501017E0023D77C /* Base */,
			);
			name = LaunchScreen.storyboard;
			sourceTree = "<group>";
		};
/* End PBXVariantGroup section */

/* Begin XCBuildConfiguration section */
		518E51782501017E0023D77C /* Debug */ = {
			isa = XCBuildConfiguration;
			buildSettings = {
				ALWAYS_SEARCH_USER_PATHS = NO;
				CLANG_ANALYZER_NONNULL = YES;
				CLANG_ANALYZER_NUMBER_OBJECT_CONVERSION = YES_AGGRESSIVE;
				CLANG_CXX_LANGUAGE_STANDARD = "gnu++14";
				CLANG_CXX_LIBRARY = "libc++";
				CLANG_ENABLE_MODULES = YES;
				CLANG_ENABLE_OBJC_ARC = YES;
				CLANG_ENABLE_OBJC_WEAK = YES;
				CLANG_WARN_BLOCK_CAPTURE_AUTORELEASING = YES;
				CLANG_WARN_BOOL_CONVERSION = YES;
				CLANG_WARN_COMMA = YES;
				CLANG_WARN_CONSTANT_CONVERSION = YES;
				CLANG_WARN_DEPRECATED_OBJC_IMPLEMENTATIONS = YES;
				CLANG_WARN_DIRECT_OBJC_ISA_USAGE = YES_ERROR;
				CLANG_WARN_DOCUMENTATION_COMMENTS = YES;
				CLANG_WARN_EMPTY_BODY = YES;
				CLANG_WARN_ENUM_CONVERSION = YES;
				CLANG_WARN_INFINITE_RECURSION = YES;
				CLANG_WARN_INT_CONVERSION = YES;
				CLANG_WARN_NON_LITERAL_NULL_CONVERSION = YES;
				CLANG_WARN_OBJC_IMPLICIT_RETAIN_SELF = YES;
				CLANG_WARN_OBJC_LITERAL_CONVERSION = YES;
				CLANG_WARN_OBJC_ROOT_CLASS = YES_ERROR;
				CLANG_WARN_RANGE_LOOP_ANALYSIS = YES;
				CLANG_WARN_STRICT_PROTOTYPES = YES;
				CLANG_WARN_SUSPICIOUS_MOVE = YES;
				CLANG_WARN_UNGUARDED_AVAILABILITY = YES_AGGRESSIVE;
				CLANG_WARN_UNREACHABLE_CODE = YES;
				CLANG_WARN__DUPLICATE_METHOD_MATCH = YES;
				COPY_PHASE_STRIP = NO;
				DEBUG_INFORMATION_FORMAT = dwarf;
				ENABLE_STRICT_OBJC_MSGSEND = YES;
				ENABLE_TESTABILITY = YES;
				GCC_C_LANGUAGE_STANDARD = gnu11;
				GCC_DYNAMIC_NO_PIC = NO;
				GCC_NO_COMMON_BLOCKS = YES;
				GCC_OPTIMIZATION_LEVEL = 0;
				GCC_PREPROCESSOR_DEFINITIONS = (
					"DEBUG=1",
					"$(inherited)",
				);
				GCC_WARN_64_TO_32_BIT_CONVERSION = YES;
				GCC_WARN_ABOUT_RETURN_TYPE = YES_ERROR;
				GCC_WARN_UNDECLARED_SELECTOR = YES;
				GCC_WARN_UNINITIALIZED_AUTOS = YES_AGGRESSIVE;
				GCC_WARN_UNUSED_FUNCTION = YES;
				GCC_WARN_UNUSED_VARIABLE = YES;
				IPHONEOS_DEPLOYMENT_TARGET = 13.6;
				MTL_ENABLE_DEBUG_INFO = INCLUDE_SOURCE;
				MTL_FAST_MATH = YES;
				ONLY_ACTIVE_ARCH = YES;
				SDKROOT = iphoneos;
				SWIFT_ACTIVE_COMPILATION_CONDITIONS = DEBUG;
				SWIFT_OPTIMIZATION_LEVEL = "-Onone";
			};
			name = Debug;
		};
		518E51792501017E0023D77C /* Release */ = {
			isa = XCBuildConfiguration;
			buildSettings = {
				ALWAYS_SEARCH_USER_PATHS = NO;
				CLANG_ANALYZER_NONNULL = YES;
				CLANG_ANALYZER_NUMBER_OBJECT_CONVERSION = YES_AGGRESSIVE;
				CLANG_CXX_LANGUAGE_STANDARD = "gnu++14";
				CLANG_CXX_LIBRARY = "libc++";
				CLANG_ENABLE_MODULES = YES;
				CLANG_ENABLE_OBJC_ARC = YES;
				CLANG_ENABLE_OBJC_WEAK = YES;
				CLANG_WARN_BLOCK_CAPTURE_AUTORELEASING = YES;
				CLANG_WARN_BOOL_CONVERSION = YES;
				CLANG_WARN_COMMA = YES;
				CLANG_WARN_CONSTANT_CONVERSION = YES;
				CLANG_WARN_DEPRECATED_OBJC_IMPLEMENTATIONS = YES;
				CLANG_WARN_DIRECT_OBJC_ISA_USAGE = YES_ERROR;
				CLANG_WARN_DOCUMENTATION_COMMENTS = YES;
				CLANG_WARN_EMPTY_BODY = YES;
				CLANG_WARN_ENUM_CONVERSION = YES;
				CLANG_WARN_INFINITE_RECURSION = YES;
				CLANG_WARN_INT_CONVERSION = YES;
				CLANG_WARN_NON_LITERAL_NULL_CONVERSION = YES;
				CLANG_WARN_OBJC_IMPLICIT_RETAIN_SELF = YES;
				CLANG_WARN_OBJC_LITERAL_CONVERSION = YES;
				CLANG_WARN_OBJC_ROOT_CLASS = YES_ERROR;
				CLANG_WARN_RANGE_LOOP_ANALYSIS = YES;
				CLANG_WARN_STRICT_PROTOTYPES = YES;
				CLANG_WARN_SUSPICIOUS_MOVE = YES;
				CLANG_WARN_UNGUARDED_AVAILABILITY = YES_AGGRESSIVE;
				CLANG_WARN_UNREACHABLE_CODE = YES;
				CLANG_WARN__DUPLICATE_METHOD_MATCH = YES;
				COPY_PHASE_STRIP = NO;
				DEBUG_INFORMATION_FORMAT = "dwarf-with-dsym";
				ENABLE_NS_ASSERTIONS = NO;
				ENABLE_STRICT_OBJC_MSGSEND = YES;
				GCC_C_LANGUAGE_STANDARD = gnu11;
				GCC_NO_COMMON_BLOCKS = YES;
				GCC_WARN_64_TO_32_BIT_CONVERSION = YES;
				GCC_WARN_ABOUT_RETURN_TYPE = YES_ERROR;
				GCC_WARN_UNDECLARED_SELECTOR = YES;
				GCC_WARN_UNINITIALIZED_AUTOS = YES_AGGRESSIVE;
				GCC_WARN_UNUSED_FUNCTION = YES;
				GCC_WARN_UNUSED_VARIABLE = YES;
				IPHONEOS_DEPLOYMENT_TARGET = 13.6;
				MTL_ENABLE_DEBUG_INFO = NO;
				MTL_FAST_MATH = YES;
				SDKROOT = iphoneos;
				SWIFT_COMPILATION_MODE = wholemodule;
				SWIFT_OPTIMIZATION_LEVEL = "-O";
				VALIDATE_PRODUCT = YES;
			};
			name = Release;
		};
		518E517B2501017E0023D77C /* Debug */ = {
			isa = XCBuildConfiguration;
			buildSettings = {
				ASSETCATALOG_COMPILER_APPICON_NAME = AppIcon;
				CODE_SIGN_STYLE = Automatic;
				DEVELOPMENT_ASSET_PATHS = "\"SwiftUI_15_Graphs/Preview Content\"";
				DEVELOPMENT_TEAM = 5J2G4846S8;
				ENABLE_PREVIEWS = YES;
				INFOPLIST_FILE = SwiftUI_15_Graphs/Info.plist;
				LD_RUNPATH_SEARCH_PATHS = (
					"$(inherited)",
					"@executable_path/Frameworks",
				);
				PRODUCT_BUNDLE_IDENTIFIER = "com.alancasasarevalo-gmail.SwiftUI-15-Graphs";
				PRODUCT_NAME = "$(TARGET_NAME)";
				SWIFT_VERSION = 5.0;
				TARGETED_DEVICE_FAMILY = "1,2";
			};
			name = Debug;
		};
		518E517C2501017E0023D77C /* Release */ = {
			isa = XCBuildConfiguration;
			buildSettings = {
				ASSETCATALOG_COMPILER_APPICON_NAME = AppIcon;
				CODE_SIGN_STYLE = Automatic;
				DEVELOPMENT_ASSET_PATHS = "\"SwiftUI_15_Graphs/Preview Content\"";
				DEVELOPMENT_TEAM = 5J2G4846S8;
				ENABLE_PREVIEWS = YES;
				INFOPLIST_FILE = SwiftUI_15_Graphs/Info.plist;
				LD_RUNPATH_SEARCH_PATHS = (
					"$(inherited)",
					"@executable_path/Frameworks",
				);
				PRODUCT_BUNDLE_IDENTIFIER = "com.alancasasarevalo-gmail.SwiftUI-15-Graphs";
				PRODUCT_NAME = "$(TARGET_NAME)";
				SWIFT_VERSION = 5.0;
				TARGETED_DEVICE_FAMILY = "1,2";
			};
			name = Release;
		};
/* End XCBuildConfiguration section */

/* Begin XCConfigurationList section */
		518E51612501017C0023D77C /* Build configuration list for PBXProject "SwiftUI_15_Graphs" */ = {
			isa = XCConfigurationList;
			buildConfigurations = (
				518E51782501017E0023D77C /* Debug */,
				518E51792501017E0023D77C /* Release */,
			);
			defaultConfigurationIsVisible = 0;
			defaultConfigurationName = Release;
		};
		518E517A2501017E0023D77C /* Build configuration list for PBXNativeTarget "SwiftUI_15_Graphs" */ = {
			isa = XCConfigurationList;
			buildConfigurations = (
				518E517B2501017E0023D77C /* Debug */,
				518E517C2501017E0023D77C /* Release */,
			);
			defaultConfigurationIsVisible = 0;
			defaultConfigurationName = Release;
		};
/* End XCConfigurationList section */
	};
	rootObject = 518E515E2501017C0023D77C /* Project object */;
}
